<Solution>
  <Project Path="AnimalCafe.EditModeTests.csproj" />
  <Project Path="AnimalCafe.Runtime.csproj" />
  <Project Path="Assembly-CSharp-Editor.csproj" />
  <Project Path="AnimalCafe.PlayModeTests.csproj" />
  <Project Path="Assembly-CSharp.csproj" />
  <Project Path="AnimalCafe.Editor.csproj" />
</Solution>
